{
  "name": "bentostream",
  "version": "1.0.0",
  "lockfileVersion": 2,
  "requires": true,
  "packages": {
    "": {
      "name": "bentostream",
      "version": "1.0.0",
      "license": "ISC",
      "devDependencies": {
        "serverless-functions-base-path": "^1.0.32"
      }
    },
    "node_modules/serverless-functions-base-path": {
      "version": "1.0.32",
      "resolved": "https://registry.npmjs.org/serverless-functions-base-path/-/serverless-functions-base-path-1.0.32.tgz",
      "integrity": "sha512-plowyy28cSWX1kfkkSZOpLymdiruVxUCiM/qtGIBTUmenPB2h0i+QK/i1pRhOGYK+fR+vZbOHzdNPB+QZfbdRw==",
      "dev": true
    }
  },
  "dependencies": {
    "serverless-functions-base-path": {
      "version": "1.0.32",
      "resolved": "https://registry.npmjs.org/serverless-functions-base-path/-/serverless-functions-base-path-1.0.32.tgz",
      "integrity": "sha512-plowyy28cSWX1kfkkSZOpLymdiruVxUCiM/qtGIBTUmenPB2h0i+QK/i1pRhOGYK+fR+vZbOHzdNPB+QZfbdRw==",
      "dev": true
    }
  }
}
